
Microsoft Visual Studio Solution File, Format Version 12.00
# Visual Studio Version 17
VisualStudioVersion = 17.11.35312.102
MinimumVisualStudioVersion = 10.0.40219.1
Project("{9A19103F-16F7-4668-BE54-9A1E7A4F7556}") = "DeckArchief", "DeckArchief.csproj", "{3AFCCD12-9F87-444D-A6D7-8FF98996288A}"
EndProject
Project("{FAE04EC0-301F-11D3-BF4B-00C04F79EFBC}") = "DeckArchiefAPI", "..\DeckArchiefAPI\DeckArchiefAPI.csproj", "{4AAA53A1-4EE4-4C23-AE10-4C20DEF8AEAC}"
EndProject
Global
	GlobalSection(SolutionConfigurationPlatforms) = preSolution
		Debug|Any CPU = Debug|Any CPU
		Release|Any CPU = Release|Any CPU
	EndGlobalSection
	GlobalSection(ProjectConfigurationPlatforms) = postSolution
		{3AFCCD12-9F87-444D-A6D7-8FF98996288A}.Debug|Any CPU.ActiveCfg = Debug|Any CPU
		{3AFCCD12-9F87-444D-A6D7-8FF98996288A}.Debug|Any CPU.Build.0 = Debug|Any CPU
		{3AFCCD12-9F87-444D-A6D7-8FF98996288A}.Release|Any CPU.ActiveCfg = Release|Any CPU
		{3AFCCD12-9F87-444D-A6D7-8FF98996288A}.Release|Any CPU.Build.0 = Release|Any CPU
		{4AAA53A1-4EE4-4C23-AE10-4C20DEF8AEAC}.Debug|Any CPU.ActiveCfg = Debug|Any CPU
		{4AAA53A1-4EE4-4C23-AE10-4C20DEF8AEAC}.Debug|Any CPU.Build.0 = Debug|Any CPU
		{4AAA53A1-4EE4-4C23-AE10-4C20DEF8AEAC}.Release|Any CPU.ActiveCfg = Release|Any CPU
		{4AAA53A1-4EE4-4C23-AE10-4C20DEF8AEAC}.Release|Any CPU.Build.0 = Release|Any CPU
	EndGlobalSection
	GlobalSection(SolutionProperties) = preSolution
		HideSolutionNode = FALSE
	EndGlobalSection
	GlobalSection(ExtensibilityGlobals) = postSolution
		SolutionGuid = {9F6245F3-F8DC-4060-AF6B-D189E0A4B3A3}
	EndGlobalSection
EndGlobal
